
Microsoft Visual Studio Solution File, Format Version 12.00
# Visual Studio Version 16
VisualStudioVersion = 16.0.34301.259
MinimumVisualStudioVersion = 10.0.40219.1
Project("{FAE04EC0-301F-11D3-BF4B-00C04F79EFBC}") = "FormulaBhaskara", "FormulaBhaskara\FormulaBhaskara.csproj", "{0BDA3581-686A-473C-89B4-63B55E1C7098}"
EndProject
Global
	GlobalSection(SolutionConfigurationPlatforms) = preSolution
		Debug|Any CPU = Debug|Any CPU
		Release|Any CPU = Release|Any CPU
	EndGlobalSection
	GlobalSection(ProjectConfigurationPlatforms) = postSolution
		{0BDA3581-686A-473C-89B4-63B55E1C7098}.Debug|Any CPU.ActiveCfg = Debug|Any CPU
		{0BDA3581-686A-473C-89B4-63B55E1C7098}.Debug|Any CPU.Build.0 = Debug|Any CPU
		{0BDA3581-686A-473C-89B4-63B55E1C7098}.Release|Any CPU.ActiveCfg = Release|Any CPU
		{0BDA3581-686A-473C-89B4-63B55E1C7098}.Release|Any CPU.Build.0 = Release|Any CPU
	EndGlobalSection
	GlobalSection(SolutionProperties) = preSolution
		HideSolutionNode = FALSE
	EndGlobalSection
	GlobalSection(ExtensibilityGlobals) = postSolution
		SolutionGuid = {4E7DE777-3432-4649-95F6-60EF928F16E9}
	EndGlobalSection
EndGlobal
